PODS:
  - Alamofire (5.6.1)
  - Kingfisher (6.3.1)
  - Mocker (2.5.5)
  - Nimble (10.0.0)
  - Quick (5.0.1)
  - RxBlocking (6.5.0):
    - RxSwift (= 6.5.0)
  - RxCocoa (6.5.0):
    - RxRelay (= 6.5.0)
    - RxSwift (= 6.5.0)
  - RxRelay (6.5.0):
    - RxSwift (= 6.5.0)
  - RxSwift (6.5.0)
  - RxTest (6.5.0):
    - RxSwift (= 6.5.0)
  - SwiftLint (0.47.1)

DEPENDENCIES:
  - Alamofire (= 5.6.1)
  - Kingfisher (= 6.3.1)
  - Mocker (= 2.5.5)
  - Nimble
  - Quick
  - RxBlocking (= 6.5.0)
  - RxCocoa (= 6.5.0)
  - RxSwift (= 6.5.0)
  - RxTest (= 6.5.0)
  - SwiftLint

SPEC REPOS:
  trunk:
    - Alamofire
    - Kingfisher
    - Mocker
    - Nimble
    - Quick
    - RxBlocking
    - RxCocoa
    - RxRelay
    - RxSwift
    - RxTest
    - SwiftLint

SPEC CHECKSUMS:
  Alamofire: 87bd8c952f9a4454320fce00d9cc3de57bcadaf5
  Kingfisher: 016c8b653a35add51dd34a3aba36b580041acc74
  Mocker: 8c731a8104962f246cadf2b02556218e9edc1390
  Nimble: 5316ef81a170ce87baf72dd961f22f89a602ff84
  Quick: 749aa754fd1e7d984f2000fe051e18a3a9809179
  RxBlocking: 04b5fd28bb5ea49f7d64b80db8bbfe50d9cc1c7d
  RxCocoa: 94f817b71c07517321eb4f9ad299112ca8af743b
  RxRelay: 1de1523e604c72b6c68feadedd1af3b1b4d0ecbd
  RxSwift: 5710a9e6b17f3c3d6e40d6e559b9fa1e813b2ef8
  RxTest: eb2d23adefc5a5ebf5779c7792fa3edfe6ebcc17
  SwiftLint: f80f1be7fa96d30e0aa68e58d45d4ea1ccaac519

PODFILE CHECKSUM: 3eafb7197e7bb7e4b349fd689b35a22ceb73ae32

COCOAPODS: 1.11.3
